
Microsoft Visual Studio Solution File, Format Version 12.00
# Visual Studio Version 16
VisualStudioVersion = 16.0.29102.190
MinimumVisualStudioVersion = 10.0.40219.1
Project("{FAE04EC0-301F-11D3-BF4B-00C04F79EFBC}") = "PrimeNumbers", "PrimeNumbers.csproj", "{92B7C8CD-073A-4D8E-AAF2-547D6D0837CF}"
EndProject
Global
	GlobalSection(SolutionConfigurationPlatforms) = preSolution
		Debug|Any CPU = Debug|Any CPU
		Release|Any CPU = Release|Any CPU
	EndGlobalSection
	GlobalSection(ProjectConfigurationPlatforms) = postSolution
		{92B7C8CD-073A-4D8E-AAF2-547D6D0837CF}.Debug|Any CPU.ActiveCfg = Debug|Any CPU
		{92B7C8CD-073A-4D8E-AAF2-547D6D0837CF}.Debug|Any CPU.Build.0 = Debug|Any CPU
		{92B7C8CD-073A-4D8E-AAF2-547D6D0837CF}.Release|Any CPU.ActiveCfg = Release|Any CPU
		{92B7C8CD-073A-4D8E-AAF2-547D6D0837CF}.Release|Any CPU.Build.0 = Release|Any CPU
	EndGlobalSection
	GlobalSection(SolutionProperties) = preSolution
		HideSolutionNode = FALSE
	EndGlobalSection
	GlobalSection(ExtensibilityGlobals) = postSolution
		SolutionGuid = {FE5A7996-763D-4D08-BB62-E7086E1D2249}
	EndGlobalSection
EndGlobal
